{
  "version": 4,
  "terraform_version": "1.7.1",
  "serial": 53,
  "lineage": "666934fd-fbc3-4e95-0038-085d28468142",
  "outputs": {},
  "resources": [
    {
      "mode": "managed",
      "type": "google_storage_bucket",
      "name": "GCS1",
      "provider": "provider[\"registry.terraform.io/hashicorp/google\"]",
      "instances": [
        {
          "schema_version": 0,
          "attributes": {
            "bucket_policy_only": true,
            "cors": [],
            "default_event_based_hold": false,
            "encryption": [],
            "force_destroy": false,
            "id": "terraform_state_bucket7417",
            "labels": {
              "dep": "compliance",
              "env": "terraform_env"
            },
            "lifecycle_rule": [],
            "location": "US-CENTRAL1",
            "logging": [],
            "name": "terraform_state_bucket7417",
            "project": "terraform-learning-412915",
            "requester_pays": false,
            "retention_policy": [],
            "self_link": "https://www.googleapis.com/storage/v1/b/terraform_state_bucket7417",
            "storage_class": "STANDARD",
            "uniform_bucket_level_access": true,
            "url": "gs://terraform_state_bucket7417",
            "versioning": [
              {
                "enabled": true
              }
            ],
            "website": []
          },
          "sensitive_attributes": [],
          "private": "bnVsbA=="
        }
      ]
    }
  ],
  "check_results": null
}
